
Microsoft Visual Studio Solution File, Format Version 12.00
# Visual Studio Version 18
VisualStudioVersion = 18.5.11612.153 insiders
MinimumVisualStudioVersion = 10.0.40219.1
Project("{FAE04EC0-301F-11D3-BF4B-00C04F79EFBC}") = "LabDatos", "LabDatos.csproj", "{CEFA4FE3-EED6-E2E0-53A6-1F9CA74E564F}"
EndProject
Global
	GlobalSection(SolutionConfigurationPlatforms) = preSolution
		Debug|Any CPU = Debug|Any CPU
		Release|Any CPU = Release|Any CPU
	EndGlobalSection
	GlobalSection(ProjectConfigurationPlatforms) = postSolution
		{CEFA4FE3-EED6-E2E0-53A6-1F9CA74E564F}.Debug|Any CPU.ActiveCfg = Debug|Any CPU
		{CEFA4FE3-EED6-E2E0-53A6-1F9CA74E564F}.Debug|Any CPU.Build.0 = Debug|Any CPU
		{CEFA4FE3-EED6-E2E0-53A6-1F9CA74E564F}.Release|Any CPU.ActiveCfg = Release|Any CPU
		{CEFA4FE3-EED6-E2E0-53A6-1F9CA74E564F}.Release|Any CPU.Build.0 = Release|Any CPU
	EndGlobalSection
	GlobalSection(SolutionProperties) = preSolution
		HideSolutionNode = FALSE
	EndGlobalSection
	GlobalSection(ExtensibilityGlobals) = postSolution
		SolutionGuid = {7EADED63-3880-4626-8CFE-10350D6C5E0C}
	EndGlobalSection
EndGlobal
